
Microsoft Visual Studio Solution File, Format Version 12.00
# Visual Studio Version 17
VisualStudioVersion = 17.12.35521.163
MinimumVisualStudioVersion = 10.0.40219.1
Project("{FAE04EC0-301F-11D3-BF4B-00C04F79EFBC}") = "ConsoleApp1", "ConsoleApp1\ConsoleApp1.csproj", "{F34342A3-C049-4E2B-8F33-86796582B245}"
EndProject
Project("{2150E333-8FDC-42A3-9474-1A3956D46DE8}") = "Task0", "Task0", "{09A236F5-9BE0-473B-8A9B-EFD1E35F2008}"
EndProject
Project("{FAE04EC0-301F-11D3-BF4B-00C04F79EFBC}") = "Tyuiu.SizikovSS.Sprint5.Task0.V28", "Tyuiu.SizikovSS.Sprint5.Task0.V28\Tyuiu.SizikovSS.Sprint5.Task0.V28.csproj", "{906A37AC-7CE5-471A-8CC6-D3EEC454EB14}"
EndProject
Project("{FAE04EC0-301F-11D3-BF4B-00C04F79EFBC}") = "Tyuiu.SizikovSS.Sprint5.Task0.V28.Lib", "Tyuiu.SizikovSS.Sprint5.Task0.V28.Lib\Tyuiu.SizikovSS.Sprint5.Task0.V28.Lib.csproj", "{3AEB4916-198C-4BDE-B93F-9951DC42A398}"
EndProject
Project("{FAE04EC0-301F-11D3-BF4B-00C04F79EFBC}") = "Tyuiu.SizikovSS.Sprint5.Task0.V28.Test", "Tyuiu.SizikovSS.Sprint5.Task0.V28.Test\Tyuiu.SizikovSS.Sprint5.Task0.V28.Test.csproj", "{D09F8CB3-13AC-4CFF-BE23-2918FA7B47E7}"
EndProject
Project("{2150E333-8FDC-42A3-9474-1A3956D46DE8}") = "Task1", "Task1", "{9BB4A555-7619-4D0C-9CB5-A4AA9AA5DE4C}"
EndProject
Project("{FAE04EC0-301F-11D3-BF4B-00C04F79EFBC}") = "Tyuiu.SizikovSS.Sprint5.Task1.V30", "Tyuiu.SizikovSS.Sprint5.Task1.V30\Tyuiu.SizikovSS.Sprint5.Task1.V30.csproj", "{D7CEAE8D-BF04-4B86-9FEB-715C9A4ECAD9}"
EndProject
Project("{FAE04EC0-301F-11D3-BF4B-00C04F79EFBC}") = "Tyuiu.SizikovSS.Sprint5.Task1.V30.Lib", "Tyuiu.SizikovSS.Sprint5.Task1.V30.Lib\Tyuiu.SizikovSS.Sprint5.Task1.V30.Lib.csproj", "{565BB751-D281-42BF-9D42-0AD72358F2DA}"
EndProject
Project("{FAE04EC0-301F-11D3-BF4B-00C04F79EFBC}") = "Tyuiu.SizikovSS.Sprint5.Task1.V30.Test", "Tyuiu.SizikovSS.Sprint5.Task1.V30.Test\Tyuiu.SizikovSS.Sprint5.Task1.V30.Test.csproj", "{AB918F82-1FED-4FD6-85BE-05B6E26E59E2}"
EndProject
Project("{2150E333-8FDC-42A3-9474-1A3956D46DE8}") = "Task2", "Task2", "{559BE48B-044B-4A89-B0F0-9E121C826858}"
EndProject
Project("{FAE04EC0-301F-11D3-BF4B-00C04F79EFBC}") = "Tyuiu.SizikovSS.Sprint5.Task2.V7", "Tyuiu.SizikovSS.Sprint5.Task2.V7\Tyuiu.SizikovSS.Sprint5.Task2.V7.csproj", "{769D83A7-195A-49A8-9EF7-66662E50D0FB}"
EndProject
Project("{FAE04EC0-301F-11D3-BF4B-00C04F79EFBC}") = "Tyuiu.SizikovSS.Sprint5.Task2.V7.Lib", "Tyuiu.SizikovSS.Sprint5.Task2.V7.Lib\Tyuiu.SizikovSS.Sprint5.Task2.V7.Lib.csproj", "{342C3CB6-6C06-4E2A-B348-FBB472F0E8F8}"
EndProject
Project("{FAE04EC0-301F-11D3-BF4B-00C04F79EFBC}") = "Tyuiu.SizikovSS.Sprint5.Task2.V7.Test", "Tyuiu.SizikovSS.Sprint5.Task2.V7.Test\Tyuiu.SizikovSS.Sprint5.Task2.V7.Test.csproj", "{B21645DD-6043-4E33-AECF-662F288DB385}"
EndProject
Project("{2150E333-8FDC-42A3-9474-1A3956D46DE8}") = "Task3", "Task3", "{96070DA9-DE97-4EA0-B892-84A36D0364B4}"
EndProject
Project("{FAE04EC0-301F-11D3-BF4B-00C04F79EFBC}") = "Tyuiu.SizikovSS.Sprint5.Task3.V6", "Tyuiu.SizikovSS.Sprint5.Task3.V6\Tyuiu.SizikovSS.Sprint5.Task3.V6.csproj", "{7AF40854-905D-4C9D-B7BE-0FF3A32C9807}"
EndProject
Project("{FAE04EC0-301F-11D3-BF4B-00C04F79EFBC}") = "Tyuiu.SizikovSS.Sprint5.Task3.V6.Lib", "Tyuiu.SizikovSS.Sprint5.Task3.V6.Lib\Tyuiu.SizikovSS.Sprint5.Task3.V6.Lib.csproj", "{C88B8F1C-7A72-4CF5-86FA-C7A06E670BF2}"
EndProject
Project("{FAE04EC0-301F-11D3-BF4B-00C04F79EFBC}") = "Tyuiu.SizikovSS.Sprint5.Task3.V6.Test", "Tyuiu.SizikovSS.Sprint5.Task3.V6.Test\Tyuiu.SizikovSS.Sprint5.Task3.V6.Test.csproj", "{C2EA40F5-F6A6-4014-A58D-7F70987B2AD2}"
EndProject
Global
	GlobalSection(SolutionConfigurationPlatforms) = preSolution
		Debug|Any CPU = Debug|Any CPU
		Release|Any CPU = Release|Any CPU
	EndGlobalSection
	GlobalSection(ProjectConfigurationPlatforms) = postSolution
		{F34342A3-C049-4E2B-8F33-86796582B245}.Debug|Any CPU.ActiveCfg = Debug|Any CPU
		{F34342A3-C049-4E2B-8F33-86796582B245}.Debug|Any CPU.Build.0 = Debug|Any CPU
		{F34342A3-C049-4E2B-8F33-86796582B245}.Release|Any CPU.ActiveCfg = Release|Any CPU
		{F34342A3-C049-4E2B-8F33-86796582B245}.Release|Any CPU.Build.0 = Release|Any CPU
		{906A37AC-7CE5-471A-8CC6-D3EEC454EB14}.Debug|Any CPU.ActiveCfg = Debug|Any CPU
		{906A37AC-7CE5-471A-8CC6-D3EEC454EB14}.Debug|Any CPU.Build.0 = Debug|Any CPU
		{906A37AC-7CE5-471A-8CC6-D3EEC454EB14}.Release|Any CPU.ActiveCfg = Release|Any CPU
		{906A37AC-7CE5-471A-8CC6-D3EEC454EB14}.Release|Any CPU.Build.0 = Release|Any CPU
		{3AEB4916-198C-4BDE-B93F-9951DC42A398}.Debug|Any CPU.ActiveCfg = Debug|Any CPU
		{3AEB4916-198C-4BDE-B93F-9951DC42A398}.Debug|Any CPU.Build.0 = Debug|Any CPU
		{3AEB4916-198C-4BDE-B93F-9951DC42A398}.Release|Any CPU.ActiveCfg = Release|Any CPU
		{3AEB4916-198C-4BDE-B93F-9951DC42A398}.Release|Any CPU.Build.0 = Release|Any CPU
		{D09F8CB3-13AC-4CFF-BE23-2918FA7B47E7}.Debug|Any CPU.ActiveCfg = Debug|Any CPU
		{D09F8CB3-13AC-4CFF-BE23-2918FA7B47E7}.Debug|Any CPU.Build.0 = Debug|Any CPU
		{D09F8CB3-13AC-4CFF-BE23-2918FA7B47E7}.Release|Any CPU.ActiveCfg = Release|Any CPU
		{D09F8CB3-13AC-4CFF-BE23-2918FA7B47E7}.Release|Any CPU.Build.0 = Release|Any CPU
		{D7CEAE8D-BF04-4B86-9FEB-715C9A4ECAD9}.Debug|Any CPU.ActiveCfg = Debug|Any CPU
		{D7CEAE8D-BF04-4B86-9FEB-715C9A4ECAD9}.Debug|Any CPU.Build.0 = Debug|Any CPU
		{D7CEAE8D-BF04-4B86-9FEB-715C9A4ECAD9}.Release|Any CPU.ActiveCfg = Release|Any CPU
		{D7CEAE8D-BF04-4B86-9FEB-715C9A4ECAD9}.Release|Any CPU.Build.0 = Release|Any CPU
		{565BB751-D281-42BF-9D42-0AD72358F2DA}.Debug|Any CPU.ActiveCfg = Debug|Any CPU
		{565BB751-D281-42BF-9D42-0AD72358F2DA}.Debug|Any CPU.Build.0 = Debug|Any CPU
		{565BB751-D281-42BF-9D42-0AD72358F2DA}.Release|Any CPU.ActiveCfg = Release|Any CPU
		{565BB751-D281-42BF-9D42-0AD72358F2DA}.Release|Any CPU.Build.0 = Release|Any CPU
		{AB918F82-1FED-4FD6-85BE-05B6E26E59E2}.Debug|Any CPU.ActiveCfg = Debug|Any CPU
		{AB918F82-1FED-4FD6-85BE-05B6E26E59E2}.Debug|Any CPU.Build.0 = Debug|Any CPU
		{AB918F82-1FED-4FD6-85BE-05B6E26E59E2}.Release|Any CPU.ActiveCfg = Release|Any CPU
		{AB918F82-1FED-4FD6-85BE-05B6E26E59E2}.Release|Any CPU.Build.0 = Release|Any CPU
		{769D83A7-195A-49A8-9EF7-66662E50D0FB}.Debug|Any CPU.ActiveCfg = Debug|Any CPU
		{769D83A7-195A-49A8-9EF7-66662E50D0FB}.Debug|Any CPU.Build.0 = Debug|Any CPU
		{769D83A7-195A-49A8-9EF7-66662E50D0FB}.Release|Any CPU.ActiveCfg = Release|Any CPU
		{769D83A7-195A-49A8-9EF7-66662E50D0FB}.Release|Any CPU.Build.0 = Release|Any CPU
		{342C3CB6-6C06-4E2A-B348-FBB472F0E8F8}.Debug|Any CPU.ActiveCfg = Debug|Any CPU
		{342C3CB6-6C06-4E2A-B348-FBB472F0E8F8}.Debug|Any CPU.Build.0 = Debug|Any CPU
		{342C3CB6-6C06-4E2A-B348-FBB472F0E8F8}.Release|Any CPU.ActiveCfg = Release|Any CPU
		{342C3CB6-6C06-4E2A-B348-FBB472F0E8F8}.Release|Any CPU.Build.0 = Release|Any CPU
		{B21645DD-6043-4E33-AECF-662F288DB385}.Debug|Any CPU.ActiveCfg = Debug|Any CPU
		{B21645DD-6043-4E33-AECF-662F288DB385}.Debug|Any CPU.Build.0 = Debug|Any CPU
		{B21645DD-6043-4E33-AECF-662F288DB385}.Release|Any CPU.ActiveCfg = Release|Any CPU
		{B21645DD-6043-4E33-AECF-662F288DB385}.Release|Any CPU.Build.0 = Release|Any CPU
		{7AF40854-905D-4C9D-B7BE-0FF3A32C9807}.Debug|Any CPU.ActiveCfg = Debug|Any CPU
		{7AF40854-905D-4C9D-B7BE-0FF3A32C9807}.Debug|Any CPU.Build.0 = Debug|Any CPU
		{7AF40854-905D-4C9D-B7BE-0FF3A32C9807}.Release|Any CPU.ActiveCfg = Release|Any CPU
		{7AF40854-905D-4C9D-B7BE-0FF3A32C9807}.Release|Any CPU.Build.0 = Release|Any CPU
		{C88B8F1C-7A72-4CF5-86FA-C7A06E670BF2}.Debug|Any CPU.ActiveCfg = Debug|Any CPU
		{C88B8F1C-7A72-4CF5-86FA-C7A06E670BF2}.Debug|Any CPU.Build.0 = Debug|Any CPU
		{C88B8F1C-7A72-4CF5-86FA-C7A06E670BF2}.Release|Any CPU.ActiveCfg = Release|Any CPU
		{C88B8F1C-7A72-4CF5-86FA-C7A06E670BF2}.Release|Any CPU.Build.0 = Release|Any CPU
		{C2EA40F5-F6A6-4014-A58D-7F70987B2AD2}.Debug|Any CPU.ActiveCfg = Debug|Any CPU
		{C2EA40F5-F6A6-4014-A58D-7F70987B2AD2}.Debug|Any CPU.Build.0 = Debug|Any CPU
		{C2EA40F5-F6A6-4014-A58D-7F70987B2AD2}.Release|Any CPU.ActiveCfg = Release|Any CPU
		{C2EA40F5-F6A6-4014-A58D-7F70987B2AD2}.Release|Any CPU.Build.0 = Release|Any CPU
	EndGlobalSection
	GlobalSection(SolutionProperties) = preSolution
		HideSolutionNode = FALSE
	EndGlobalSection
	GlobalSection(NestedProjects) = preSolution
		{906A37AC-7CE5-471A-8CC6-D3EEC454EB14} = {09A236F5-9BE0-473B-8A9B-EFD1E35F2008}
		{3AEB4916-198C-4BDE-B93F-9951DC42A398} = {09A236F5-9BE0-473B-8A9B-EFD1E35F2008}
		{D09F8CB3-13AC-4CFF-BE23-2918FA7B47E7} = {09A236F5-9BE0-473B-8A9B-EFD1E35F2008}
		{D7CEAE8D-BF04-4B86-9FEB-715C9A4ECAD9} = {9BB4A555-7619-4D0C-9CB5-A4AA9AA5DE4C}
		{565BB751-D281-42BF-9D42-0AD72358F2DA} = {9BB4A555-7619-4D0C-9CB5-A4AA9AA5DE4C}
		{AB918F82-1FED-4FD6-85BE-05B6E26E59E2} = {9BB4A555-7619-4D0C-9CB5-A4AA9AA5DE4C}
		{769D83A7-195A-49A8-9EF7-66662E50D0FB} = {559BE48B-044B-4A89-B0F0-9E121C826858}
		{342C3CB6-6C06-4E2A-B348-FBB472F0E8F8} = {559BE48B-044B-4A89-B0F0-9E121C826858}
		{B21645DD-6043-4E33-AECF-662F288DB385} = {559BE48B-044B-4A89-B0F0-9E121C826858}
		{7AF40854-905D-4C9D-B7BE-0FF3A32C9807} = {96070DA9-DE97-4EA0-B892-84A36D0364B4}
		{C88B8F1C-7A72-4CF5-86FA-C7A06E670BF2} = {96070DA9-DE97-4EA0-B892-84A36D0364B4}
		{C2EA40F5-F6A6-4014-A58D-7F70987B2AD2} = {96070DA9-DE97-4EA0-B892-84A36D0364B4}
	EndGlobalSection
EndGlobal
